
Microsoft Visual Studio Solution File, Format Version 12.00
# Visual Studio Version 17
VisualStudioVersion = 17.1.32421.90
MinimumVisualStudioVersion = 10.0.40219.1
Project("{FAE04EC0-301F-11D3-BF4B-00C04F79EFBC}") = "AppStartProjeto1", "AppStartProjeto1.csproj", "{F80B80E5-93BA-493C-B4BB-E93CCDDD053E}"
EndProject
Global
	GlobalSection(SolutionConfigurationPlatforms) = preSolution
		Debug|Any CPU = Debug|Any CPU
		Release|Any CPU = Release|Any CPU
	EndGlobalSection
	GlobalSection(ProjectConfigurationPlatforms) = postSolution
		{F80B80E5-93BA-493C-B4BB-E93CCDDD053E}.Debug|Any CPU.ActiveCfg = Debug|Any CPU
		{F80B80E5-93BA-493C-B4BB-E93CCDDD053E}.Debug|Any CPU.Build.0 = Debug|Any CPU
		{F80B80E5-93BA-493C-B4BB-E93CCDDD053E}.Release|Any CPU.ActiveCfg = Release|Any CPU
		{F80B80E5-93BA-493C-B4BB-E93CCDDD053E}.Release|Any CPU.Build.0 = Release|Any CPU
	EndGlobalSection
	GlobalSection(SolutionProperties) = preSolution
		HideSolutionNode = FALSE
	EndGlobalSection
	GlobalSection(ExtensibilityGlobals) = postSolution
		SolutionGuid = {4DA6C12B-E7AB-462E-85BD-283C6FA555EF}
	EndGlobalSection
EndGlobal
